
Microsoft Visual Studio Solution File, Format Version 12.00
# Visual Studio Version 16
VisualStudioVersion = 16.0.29201.188
MinimumVisualStudioVersion = 10.0.40219.1
Project("{8BC9CEB8-8B4A-11D0-8D11-00A0C91BC942}") = "612110055_Lab_3-3", "612110055_Lab_3-3\612110055_Lab_3-3.vcxproj", "{CFA8AE27-83CD-4061-9FE5-C61FAAB4ECAA}"
EndProject
Global
	GlobalSection(SolutionConfigurationPlatforms) = preSolution
		Debug|x64 = Debug|x64
		Debug|x86 = Debug|x86
		Release|x64 = Release|x64
		Release|x86 = Release|x86
	EndGlobalSection
	GlobalSection(ProjectConfigurationPlatforms) = postSolution
		{CFA8AE27-83CD-4061-9FE5-C61FAAB4ECAA}.Debug|x64.ActiveCfg = Debug|x64
		{CFA8AE27-83CD-4061-9FE5-C61FAAB4ECAA}.Debug|x64.Build.0 = Debug|x64
		{CFA8AE27-83CD-4061-9FE5-C61FAAB4ECAA}.Debug|x86.ActiveCfg = Debug|Win32
		{CFA8AE27-83CD-4061-9FE5-C61FAAB4ECAA}.Debug|x86.Build.0 = Debug|Win32
		{CFA8AE27-83CD-4061-9FE5-C61FAAB4ECAA}.Release|x64.ActiveCfg = Release|x64
		{CFA8AE27-83CD-4061-9FE5-C61FAAB4ECAA}.Release|x64.Build.0 = Release|x64
		{CFA8AE27-83CD-4061-9FE5-C61FAAB4ECAA}.Release|x86.ActiveCfg = Release|Win32
		{CFA8AE27-83CD-4061-9FE5-C61FAAB4ECAA}.Release|x86.Build.0 = Release|Win32
	EndGlobalSection
	GlobalSection(SolutionProperties) = preSolution
		HideSolutionNode = FALSE
	EndGlobalSection
	GlobalSection(ExtensibilityGlobals) = postSolution
		SolutionGuid = {10B51866-D0CC-4009-A075-7859B35DA54D}
	EndGlobalSection
EndGlobal
